Microsoft Visual Studio Solution File, Format Version 12.00
# Visual Studio Version 17
VisualStudioVersion = 17.7.34202.233
MinimumVisualStudioVersion = 10.0.40219.1
Project("{2150E333-8FDC-42A3-9474-1A3956D46DE8}") = "plugins", "plugins", "{A648B03F-7642-4857-A62A-AFABC7CAB451}"
EndProject
Project("{8BC9CEB8-8B4A-11D0-8D11-00A0C91BC942}") = "MQ2AutoLogin", "plugins\autologin\MQ2AutoLogin.vcxproj", "{BC2C195E-87B3-4974-A398-0E1FA51FBB8E}"
EndProject
Project("{8BC9CEB8-8B4A-11D0-8D11-00A0C91BC942}") = "MQ2Bzsrch", "plugins\bzsrch\MQ2Bzsrch.vcxproj", "{E0A98D60-D694-4E6E-836B-E41AB5737D1D}"
EndProject
Project("{8BC9CEB8-8B4A-11D0-8D11-00A0C91BC942}") = "MQ2Main", "main\MQ2Main.vcxproj", "{2A0A06A4-E9C6-4229-82EE-BD2D4E0A7221}"
	ProjectSection(ProjectDependencies) = postProject
		{70752189-B826-4E5D-816B-61B9147881CB} = {70752189-B826-4E5D-816B-61B9147881CB}
	EndProjectSection
EndProject
Project("{8BC9CEB8-8B4A-11D0-8D11-00A0C91BC942}") = "MQ2Chat", "plugins\chat\MQ2Chat.vcxproj", "{D43171FB-8208-4E52-860A-6BAE2A2FA573}"
EndProject
Project("{8BC9CEB8-8B4A-11D0-8D11-00A0C91BC942}") = "MQ2ChatWnd", "plugins\chatwnd\MQ2ChatWnd.vcxproj", "{BBE410C2-F564-4564-951B-9FADE9BA5041}"
EndProject
Project("{8BC9CEB8-8B4A-11D0-8D11-00A0C91BC942}") = "MQ2CustomBinds", "plugins\custombinds\MQ2CustomBinds.vcxproj", "{9329D84C-D3D8-46DC-9023-F35B2F57238C}"
EndProject
Project("{8BC9CEB8-8B4A-11D0-8D11-00A0C91BC942}") = "MQ2EQBugFix", "plugins\eqbugfix\MQ2EQBugFix.vcxproj", "{E886F222-1A69-4352-906E-2999271C59A5}"
EndProject
Project("{8BC9CEB8-8B4A-11D0-8D11-00A0C91BC942}") = "MQ2HUD", "plugins\hud\MQ2HUD.vcxproj", "{F3077B9F-C8B6-441B-9A21-C76EA07CCE2B}"
EndProject
Project("{8BC9CEB8-8B4A-11D0-8D11-00A0C91BC942}") = "MQ2ItemDisplay", "plugins\itemdisplay\MQ2ItemDisplay.vcxproj", "{FC765D31-8E9E-4171-84E2-307CB8931E06}"
EndProject
Project("{8BC9CEB8-8B4A-11D0-8D11-00A0C91BC942}") = "MQ2Labels", "plugins\labels\MQ2Labels.vcxproj", "{60814EE3-1457-44A9-82D8-DBFF1B924CE4}"
EndProject
Project("{8BC9CEB8-8B4A-11D0-8D11-00A0C91BC942}") = "MQ2Map", "plugins\map\MQ2Map.vcxproj", "{423463E0-D7B6-4EBC-A371-38F8255153C0}"
EndProject
Project("{8BC9CEB8-8B4A-11D0-8D11-00A0C91BC942}") = "MQ2TargetInfo", "plugins\targetinfo\MQ2TargetInfo.vcxproj", "{8B2DBBE6-0CA1-4C20-AC30-D9C4514784C7}"
EndProject
Project("{8BC9CEB8-8B4A-11D0-8D11-00A0C91BC942}") = "MQ2XTarInfo", "plugins\xtarinfo\MQ2XTarInfo.vcxproj", "{69F7D3E6-AD9F-4368-9343-B64CFA2913AE}"
EndProject
Project("{8BC9CEB8-8B4A-11D0-8D11-00A0C91BC942}") = "eqlib", "eqlib\eqlib.vcxproj", "{7CC5690F-593C-4938-922D-73A0AC84537A}"
EndProject
Project("{8BC9CEB8-8B4A-11D0-8D11-00A0C91BC942}") = "imgui", "imgui\imgui.vcxproj", "{1777E251-0F50-496A-B8C5-EC7F41A0B186}"
EndProject
Project("{2150E333-8FDC-42A3-9474-1A3956D46DE8}") = "core", "core", "{5BB58FDF-3760-4BAD-A147-D71E4EC66BE8}"
EndProject
Project("{8BC9CEB8-8B4A-11D0-8D11-00A0C91BC942}") = "pluginapi", "plugins\pluginapi\pluginapi.vcxproj", "{70752189-B826-4E5D-816B-61B9147881CB}"
	ProjectSection(ProjectDependencies) = postProject
		{7CC5690F-593C-4938-922D-73A0AC84537A} = {7CC5690F-593C-4938-922D-73A0AC84537A}
	EndProjectSection
EndProject
Project("{8BC9CEB8-8B4A-11D0-8D11-00A0C91BC942}") = "MQ2Lua", "plugins\lua\MQ2Lua.vcxproj", "{CF3A1DD3-1DC4-4238-A4B5-B3159599FCC0}"
EndProject
Project("{2150E333-8FDC-42A3-9474-1A3956D46DE8}") = "libraries", "libraries", "{B4485B60-AD10-4604-A4B1-A2E6DB1B1692}"
EndProject
Project("{8BC9CEB8-8B4A-11D0-8D11-00A0C91BC942}") = "zep", "..\contrib\zep\zep.vcxproj", "{9C7402B4-F71E-41F8-BB17-320F47DE02C8}"
EndProject
Project("{2150E333-8FDC-42A3-9474-1A3956D46DE8}") = "applications", "applications", "{42D9994B-93C6-4C4B-971A-A7C918CA4DB8}"
EndProject
Project("{8BC9CEB8-8B4A-11D0-8D11-00A0C91BC942}") = "MacroQuest", "loader\MacroQuest.vcxproj", "{72EE75F4-BCFA-4152-BFC6-A3C2A2B2C9AC}"
EndProject
Project("{8BC9CEB8-8B4A-11D0-8D11-00A0C91BC942}") = "CustomClientINI", "loader\customini\CustomClientINI.vcxproj", "{A7E94C2B-1F38-4D6E-8B5A-9C0D2E3F4A6B}"
EndProject
Project("{2150E333-8FDC-42A3-9474-1A3956D46DE8}") = "tests", "tests", "{EAFB7791-F141-4B87-A0F9-B5685A90A2C1}"
EndProject
Project("{8BC9CEB8-8B4A-11D0-8D11-00A0C91BC942}") = "NamedPipeClient", "tests\NamedPipeClient\NamedPipeClient.vcxproj", "{312C5DE6-34C8-4474-B186-12989694C780}"
EndProject
Project("{8BC9CEB8-8B4A-11D0-8D11-00A0C91BC942}") = "MQ2AutoBank", "plugins\autobank\MQ2AutoBank.vcxproj", "{C0E145AB-4882-4FD4-8ADD-630FC678FBC0}"
EndProject
Project("{8BC9CEB8-8B4A-11D0-8D11-00A0C91BC942}") = "routing", "routing\routing.vcxproj", "{6CE4F8D6-1709-47C5-9297-1619BBC4A71E}"
EndProject
Project("{8BC9CEB8-8B4A-11D0-8D11-00A0C91BC942}") = "login", "login\login.vcxproj", "{B85C18A8-0D53-4E32-917E-F9BF30080B16}"
EndProject
Project("{8BC9CEB8-8B4A-11D0-8D11-00A0C91BC942}") = "Actors", "tests\Actors\Actors.vcxproj", "{86E7D2A2-C3E1-499A-800E-9557D292E0C2}"
EndProject
Project("{2150E333-8FDC-42A3-9474-1A3956D46DE8}") = "my-plugins", "my-plugins", "{18FF8477-A889-4FD7-AE88-016BCD136ECC}"
EndProject
Project("{2150E333-8FDC-42A3-9474-1A3956D46DE8}") = "other-plugins", "other-plugins", "{5BE16480-DAF9-4222-921D-836DF0AE9A27}"
EndProject
Project("{8BC9CEB8-8B4A-11D0-8D11-00A0C91BC942}") = "MQ2Nav", "..\plugins\MQ2Nav\plugin\MQ2Nav.vcxproj", "{115BC0F5-8702-4EC6-9724-D0FBE76D80CB}"
EndProject
Project("{8BC9CEB8-8B4A-11D0-8D11-00A0C91BC942}") = "MQ2Nav_Common", "..\plugins\MQ2Nav\common\MQ2Nav_Common.vcxproj", "{45E99B43-F47B-4AAD-AC88-F95BF467F463}"
EndProject
Project("{2150E333-8FDC-42A3-9474-1A3956D46DE8}") = "other-plugin-dependencies", "other-plugin-dependencies", "{0DB6D15B-FB5B-40AD-8422-1A2063801E58}"
EndProject
Project("{8BC9CEB8-8B4A-11D0-8D11-00A0C91BC942}") = "recast", "..\plugins\MQ2Nav\dependencies\recast\Recast.vcxproj", "{C8A45A79-5CFA-4D9C-987C-EACC4E59724C}"
EndProject
Project("{8BC9CEB8-8B4A-11D0-8D11-00A0C91BC942}") = "zone-utilities", "..\plugins\MQ2Nav\dependencies\zone-utilities\zone-utilities.vcxproj", "{200FB60C-6C01-48A7-886A-8E3683EB21BC}"
EndProject
Project("{8BC9CEB8-8B4A-11D0-8D11-00A0C91BC942}") = "MQ2MeshManager", "..\plugins\MQ2MeshManager\MQ2MeshManager.vcxproj", "{D2B98AEB-5F1E-4C21-8F36-DE8CFFF63AFB}"
EndProject
Project("{8BC9CEB8-8B4A-11D0-8D11-00A0C91BC942}") = "MQ2AutoAccept", "..\plugins\MQ2AutoAccept\MQ2AutoAccept.vcxproj", "{AA13000E-587F-9444-C2AE-D3CF07330C68}"
EndProject
Project("{8BC9CEB8-8B4A-11D0-8D11-00A0C91BC942}") = "MQ2AutoGroup", "..\plugins\MQ2AutoGroup\MQ2AutoGroup.vcxproj", "{A89E7081-B27E-4604-994D-C9AA7D3BA138}"
EndProject
Project("{8BC9CEB8-8B4A-11D0-8D11-00A0C91BC942}") = "MQ2EQBC", "..\plugins\MQ2EQBC\MQ2EQBC.vcxproj", "{49E2501B-5EDB-C708-272B-819C53BEB0E5}"
EndProject
Project("{8BC9CEB8-8B4A-11D0-8D11-00A0C91BC942}") = "MQ2GMCheck", "..\plugins\MQ2GMCheck\MQ2GMCheck.vcxproj", "{737BAD44-4494-4A84-92F7-1E5180637A32}"
EndProject
Project("{8BC9CEB8-8B4A-11D0-8D11-00A0C91BC942}") = "MQ2ZWarp", "..\plugins\MQ2ZWarp\MQ2ZWarp.vcxproj", "{1BAD06FA-B424-4EB0-B2C9-DDA0420A94FB}"
EndProject
Project("{8BC9CEB8-8B4A-11D0-8D11-00A0C91BC942}") = "MQ2ZGank", "..\plugins\MQ2ZGank\MQ2ZGank.vcxproj", "{393E9E63-F305-4BA9-99DE-D95CEACD910F}"
EndProject
Project("{8BC9CEB8-8B4A-11D0-8D11-00A0C91BC942}") = "MQ2Melee", "..\plugins\MQ2Melee\MQ2Melee.vcxproj", "{14BF0BDF-3D27-3D7B-8DA7-5F8D21B547F5}"
EndProject
Project("{8BC9CEB8-8B4A-11D0-8D11-00A0C91BC942}") = "MQ2MoveUtils", "..\plugins\MQ2MoveUtils\MQ2MoveUtils.vcxproj", "{81211C8F-4071-8EBE-B9D2-60DE49D11B51}"
EndProject
Project("{8BC9CEB8-8B4A-11D0-8D11-00A0C91BC942}") = "MQ2Twist", "..\plugins\MQ2Twist\MQ2Twist.vcxproj", "{4C8EBB25-558B-0B2A-9446-2383FBF57B30}"
EndProject
Project("{8BC9CEB8-8B4A-11D0-8D11-00A0C91BC942}") = "MQ2WinTitle", "..\plugins\MQ2WinTitle\MQ2WinTitle.vcxproj", "{8FB2D4B3-9530-4F50-90E8-4D36889FBCC1}"
EndProject
Project("{8BC9CEB8-8B4A-11D0-8D11-00A0C91BC942}") = "MQ2RaidTanks", "..\plugins\MQ2RaidTanks\MQ2RaidTanks.vcxproj", "{B0608FE1-92B3-456B-8CD4-0C131A0244E9}"
EndProject
Project("{8BC9CEB8-8B4A-11D0-8D11-00A0C91BC942}") = "MQ2SouthKarana", "..\plugins\MQ2SouthKarana\MQ2SouthKarana.vcxproj", "{0933A2DA-4DC0-44DA-8A70-1059DDB71D32}"
EndProject
Project("{2150E333-8FDC-42A3-9474-1A3956D46DE8}") = "common", "common", "{930321E6-04DE-4772-9DE3-C6862FA849B6}"
	ProjectSection(SolutionItems) = preProject
		UGUI.h = UGUI.h
	EndProjectSection
EndProject
Project("{2150E333-8FDC-42A3-9474-1A3956D46DE8}") = "includes", "includes", "{C92B45ED-3DF2-4899-95A0-E52AFB5ACE87}"
	ProjectSection(SolutionItems) = preProject
		..\plugins\common\includes\eqgame.private.h = ..\plugins\common\includes\eqgame.private.h
		..\plugins\common\includes\UGPlugin.h = ..\plugins\common\includes\UGPlugin.h
		UGUI.h = UGUI.h
	EndProjectSection
EndProject
Project("{2150E333-8FDC-42A3-9474-1A3956D46DE8}") = "libraries", "libraries", "{5A33CF04-86E0-48A4-B1D6-1623056E73F4}"
EndProject
Project("{8BC9CEB8-8B4A-11D0-8D11-00A0C91BC942}") = "LocalStorage", "..\plugins\common\libraries\LocalStorage\LocalStorage.vcxproj", "{1F8C6D85-EAA4-4FAF-99C7-9F0C78D19DFC}"
EndProject
Project("{8BC9CEB8-8B4A-11D0-8D11-00A0C91BC942}") = "MQUndergroundSDK", "..\plugins\common\libraries\MQUndergroundSDK\MQUndergroundSDK.vcxproj", "{0C0E4BF1-7A2F-44BD-BF0B-FF899BE639FF}"
EndProject
Project("{2150E333-8FDC-42A3-9474-1A3956D46DE8}") = "static", "static", "{F3610FA8-F196-4879-A3C8-CD21D4CB420A}"
	ProjectSection(SolutionItems) = preProject
		..\plugins\common\static\libcurl_a.lib = ..\plugins\common\static\libcurl_a.lib
	EndProjectSection
EndProject
Project("{8BC9CEB8-8B4A-11D0-8D11-00A0C91BC942}") = "MQ2AdvPath", "..\plugins\MQ2AdvPath\MQ2AdvPath.vcxproj", "{FD057819-96EB-381C-00D4-BDD12463EBFF}"
EndProject
Project("{8BC9CEB8-8B4A-11D0-8D11-00A0C91BC942}") = "MQ2EasyFind", "..\plugins\MQ2EasyFind\MQ2EasyFind.vcxproj", "{0F2050F5-AF25-49C2-B85C-5EC7521A38F5}"
EndProject
Project("{8BC9CEB8-8B4A-11D0-8D11-00A0C91BC942}") = "MQ2BardSpeed", "..\plugins\MQ2BardSpeed\MQ2BardSpeed.vcxproj", "{418DCF34-7AFF-48B3-948A-59321A9608CB}"
EndProject
Project("{8BC9CEB8-8B4A-11D0-8D11-00A0C91BC942}") = "MQ2NoEncumber", "..\plugins\MQ2NoEncumber\MQ2NoEncumber.vcxproj", "{5525F811-E966-44E4-9170-E9E69987EEA0}"
EndProject
Project("{8BC9CEB8-8B4A-11D0-8D11-00A0C91BC942}") = "MQ2NoFallDamage", "..\plugins\MQ2NoFallDamage\MQ2NoFallDamage.vcxproj", "{731546E4-6ED0-475B-8DCC-A61639A10147}"
EndProject
Project("{8BC9CEB8-8B4A-11D0-8D11-00A0C91BC942}") = "MQ2EnduringBreath", "..\plugins\MQ2EnduringBreath\MQ2EnduringBreath.vcxproj", "{8A3D44AE-53BB-4E6A-B56F-6DC565D4F80D}"
EndProject
Project("{8BC9CEB8-8B4A-11D0-8D11-00A0C91BC942}") = "MQ2Fly", "..\plugins\MQ2Fly\MQ2Fly.vcxproj", "{B2F1C3A4-5D6E-4F70-9A1B-2C3D4E5F6071}"
EndProject
Project("{8BC9CEB8-8B4A-11D0-8D11-00A0C91BC942}") = "MQ2FDWalk", "..\plugins\MQ2FDWalk\MQ2FDWalk.vcxproj", "{4F5C2D1E-BD64-4E83-8CEF-7B20A75C68B2}"
EndProject
Project("{8BC9CEB8-8B4A-11D0-8D11-00A0C91BC942}") = "MQ2NoFear", "..\plugins\MQ2NoFear\MQ2NoFear.vcxproj", "{5145E041-CC34-4855-ACC1-2370A32B6858}"
EndProject
Project("{8BC9CEB8-8B4A-11D0-8D11-00A0C91BC942}") = "MQSayNotify", "..\plugins\MQSayNotify\MQSayNotify.vcxproj", "{112EA614-18C9-432A-8758-134961DE6301}"
EndProject
Project("{8BC9CEB8-8B4A-11D0-8D11-00A0C91BC942}") = "MQ2Rez", "..\plugins\MQ2Rez\MQ2Rez.vcxproj", "{193D134B-92B3-4FAB-9B9D-D3A626036CFA}"
EndProject
Project("{8BC9CEB8-8B4A-11D0-8D11-00A0C91BC942}") = "MQ2Packet", "..\plugins\MQ2Packet\MQ2Packet.vcxproj", "{B3E9F4A1-7C52-4D68-9E13-8A0F2D6C5B47}"
EndProject
Global
	GlobalSection(SolutionConfigurationPlatforms) = preSolution
		Debug|Win32 = Debug|Win32
		Debug|x64 = Debug|x64
		Release|Win32 = Release|Win32
		Release|x64 = Release|x64
	EndGlobalSection
	GlobalSection(ProjectConfigurationPlatforms) = postSolution
		{BC2C195E-87B3-4974-A398-0E1FA51FBB8E}.Debug|Win32.ActiveCfg = Debug|Win32
		{BC2C195E-87B3-4974-A398-0E1FA51FBB8E}.Debug|Win32.Build.0 = Debug|Win32
		{BC2C195E-87B3-4974-A398-0E1FA51FBB8E}.Debug|x64.ActiveCfg = Debug|x64
		{BC2C195E-87B3-4974-A398-0E1FA51FBB8E}.Debug|x64.Build.0 = Debug|x64
		{BC2C195E-87B3-4974-A398-0E1FA51FBB8E}.Release|Win32.ActiveCfg = Release|Win32
		{BC2C195E-87B3-4974-A398-0E1FA51FBB8E}.Release|Win32.Build.0 = Release|Win32
		{BC2C195E-87B3-4974-A398-0E1FA51FBB8E}.Release|x64.ActiveCfg = Release|x64
		{BC2C195E-87B3-4974-A398-0E1FA51FBB8E}.Release|x64.Build.0 = Release|x64
		{E0A98D60-D694-4E6E-836B-E41AB5737D1D}.Debug|Win32.ActiveCfg = Debug|Win32
		{E0A98D60-D694-4E6E-836B-E41AB5737D1D}.Debug|Win32.Build.0 = Debug|Win32
		{E0A98D60-D694-4E6E-836B-E41AB5737D1D}.Debug|x64.ActiveCfg = Debug|x64
		{E0A98D60-D694-4E6E-836B-E41AB5737D1D}.Debug|x64.Build.0 = Debug|x64
		{E0A98D60-D694-4E6E-836B-E41AB5737D1D}.Release|Win32.ActiveCfg = Release|Win32
		{E0A98D60-D694-4E6E-836B-E41AB5737D1D}.Release|Win32.Build.0 = Release|Win32
		{E0A98D60-D694-4E6E-836B-E41AB5737D1D}.Release|x64.ActiveCfg = Release|x64
		{E0A98D60-D694-4E6E-836B-E41AB5737D1D}.Release|x64.Build.0 = Release|x64
		{2A0A06A4-E9C6-4229-82EE-BD2D4E0A7221}.Debug|Win32.ActiveCfg = Debug|Win32
		{2A0A06A4-E9C6-4229-82EE-BD2D4E0A7221}.Debug|Win32.Build.0 = Debug|Win32
		{2A0A06A4-E9C6-4229-82EE-BD2D4E0A7221}.Debug|x64.ActiveCfg = Debug|x64
		{2A0A06A4-E9C6-4229-82EE-BD2D4E0A7221}.Debug|x64.Build.0 = Debug|x64
		{2A0A06A4-E9C6-4229-82EE-BD2D4E0A7221}.Release|Win32.ActiveCfg = Release|Win32
		{2A0A06A4-E9C6-4229-82EE-BD2D4E0A7221}.Release|Win32.Build.0 = Release|Win32
		{2A0A06A4-E9C6-4229-82EE-BD2D4E0A7221}.Release|x64.ActiveCfg = Release|x64
		{2A0A06A4-E9C6-4229-82EE-BD2D4E0A7221}.Release|x64.Build.0 = Release|x64
		{D43171FB-8208-4E52-860A-6BAE2A2FA573}.Debug|Win32.ActiveCfg = Debug|Win32
		{D43171FB-8208-4E52-860A-6BAE2A2FA573}.Debug|Win32.Build.0 = Debug|Win32
		{D43171FB-8208-4E52-860A-6BAE2A2FA573}.Debug|x64.ActiveCfg = Debug|x64
		{D43171FB-8208-4E52-860A-6BAE2A2FA573}.Debug|x64.Build.0 = Debug|x64
		{D43171FB-8208-4E52-860A-6BAE2A2FA573}.Release|Win32.ActiveCfg = Release|Win32
		{D43171FB-8208-4E52-860A-6BAE2A2FA573}.Release|Win32.Build.0 = Release|Win32
		{D43171FB-8208-4E52-860A-6BAE2A2FA573}.Release|x64.ActiveCfg = Release|x64
		{D43171FB-8208-4E52-860A-6BAE2A2FA573}.Release|x64.Build.0 = Release|x64
		{BBE410C2-F564-4564-951B-9FADE9BA5041}.Debug|Win32.ActiveCfg = Debug|Win32
		{BBE410C2-F564-4564-951B-9FADE9BA5041}.Debug|Win32.Build.0 = Debug|Win32
		{BBE410C2-F564-4564-951B-9FADE9BA5041}.Debug|x64.ActiveCfg = Debug|x64
		{BBE410C2-F564-4564-951B-9FADE9BA5041}.Debug|x64.Build.0 = Debug|x64
		{BBE410C2-F564-4564-951B-9FADE9BA5041}.Release|Win32.ActiveCfg = Release|Win32
		{BBE410C2-F564-4564-951B-9FADE9BA5041}.Release|Win32.Build.0 = Release|Win32
		{BBE410C2-F564-4564-951B-9FADE9BA5041}.Release|x64.ActiveCfg = Release|x64
		{BBE410C2-F564-4564-951B-9FADE9BA5041}.Release|x64.Build.0 = Release|x64
		{9329D84C-D3D8-46DC-9023-F35B2F57238C}.Debug|Win32.ActiveCfg = Debug|Win32
		{9329D84C-D3D8-46DC-9023-F35B2F57238C}.Debug|Win32.Build.0 = Debug|Win32
		{9329D84C-D3D8-46DC-9023-F35B2F57238C}.Debug|x64.ActiveCfg = Debug|x64
		{9329D84C-D3D8-46DC-9023-F35B2F57238C}.Debug|x64.Build.0 = Debug|x64
		{9329D84C-D3D8-46DC-9023-F35B2F57238C}.Release|Win32.ActiveCfg = Release|Win32
		{9329D84C-D3D8-46DC-9023-F35B2F57238C}.Release|Win32.Build.0 = Release|Win32
		{9329D84C-D3D8-46DC-9023-F35B2F57238C}.Release|x64.ActiveCfg = Release|x64
		{9329D84C-D3D8-46DC-9023-F35B2F57238C}.Release|x64.Build.0 = Release|x64
		{E886F222-1A69-4352-906E-2999271C59A5}.Debug|Win32.ActiveCfg = Debug|Win32
		{E886F222-1A69-4352-906E-2999271C59A5}.Debug|Win32.Build.0 = Debug|Win32
		{E886F222-1A69-4352-906E-2999271C59A5}.Debug|x64.ActiveCfg = Debug|x64
		{E886F222-1A69-4352-906E-2999271C59A5}.Debug|x64.Build.0 = Debug|x64
		{E886F222-1A69-4352-906E-2999271C59A5}.Release|Win32.ActiveCfg = Release|Win32
		{E886F222-1A69-4352-906E-2999271C59A5}.Release|Win32.Build.0 = Release|Win32
		{E886F222-1A69-4352-906E-2999271C59A5}.Release|x64.ActiveCfg = Release|x64
		{E886F222-1A69-4352-906E-2999271C59A5}.Release|x64.Build.0 = Release|x64
		{F3077B9F-C8B6-441B-9A21-C76EA07CCE2B}.Debug|Win32.ActiveCfg = Debug|Win32
		{F3077B9F-C8B6-441B-9A21-C76EA07CCE2B}.Debug|Win32.Build.0 = Debug|Win32
		{F3077B9F-C8B6-441B-9A21-C76EA07CCE2B}.Debug|x64.ActiveCfg = Debug|x64
		{F3077B9F-C8B6-441B-9A21-C76EA07CCE2B}.Debug|x64.Build.0 = Debug|x64
		{F3077B9F-C8B6-441B-9A21-C76EA07CCE2B}.Release|Win32.ActiveCfg = Release|Win32
		{F3077B9F-C8B6-441B-9A21-C76EA07CCE2B}.Release|Win32.Build.0 = Release|Win32
		{F3077B9F-C8B6-441B-9A21-C76EA07CCE2B}.Release|x64.ActiveCfg = Release|x64
		{F3077B9F-C8B6-441B-9A21-C76EA07CCE2B}.Release|x64.Build.0 = Release|x64
		{FC765D31-8E9E-4171-84E2-307CB8931E06}.Debug|Win32.ActiveCfg = Debug|Win32
		{FC765D31-8E9E-4171-84E2-307CB8931E06}.Debug|Win32.Build.0 = Debug|Win32
		{FC765D31-8E9E-4171-84E2-307CB8931E06}.Debug|x64.ActiveCfg = Debug|x64
		{FC765D31-8E9E-4171-84E2-307CB8931E06}.Debug|x64.Build.0 = Debug|x64
		{FC765D31-8E9E-4171-84E2-307CB8931E06}.Release|Win32.ActiveCfg = Release|Win32
		{FC765D31-8E9E-4171-84E2-307CB8931E06}.Release|Win32.Build.0 = Release|Win32
		{FC765D31-8E9E-4171-84E2-307CB8931E06}.Release|x64.ActiveCfg = Release|x64
		{FC765D31-8E9E-4171-84E2-307CB8931E06}.Release|x64.Build.0 = Release|x64
		{60814EE3-1457-44A9-82D8-DBFF1B924CE4}.Debug|Win32.ActiveCfg = Debug|Win32
		{60814EE3-1457-44A9-82D8-DBFF1B924CE4}.Debug|Win32.Build.0 = Debug|Win32
		{60814EE3-1457-44A9-82D8-DBFF1B924CE4}.Debug|x64.ActiveCfg = Debug|x64
		{60814EE3-1457-44A9-82D8-DBFF1B924CE4}.Debug|x64.Build.0 = Debug|x64
		{60814EE3-1457-44A9-82D8-DBFF1B924CE4}.Release|Win32.ActiveCfg = Release|Win32
		{60814EE3-1457-44A9-82D8-DBFF1B924CE4}.Release|Win32.Build.0 = Release|Win32
		{60814EE3-1457-44A9-82D8-DBFF1B924CE4}.Release|x64.ActiveCfg = Release|x64
		{60814EE3-1457-44A9-82D8-DBFF1B924CE4}.Release|x64.Build.0 = Release|x64
		{423463E0-D7B6-4EBC-A371-38F8255153C0}.Debug|Win32.ActiveCfg = Debug|Win32
		{423463E0-D7B6-4EBC-A371-38F8255153C0}.Debug|Win32.Build.0 = Debug|Win32
		{423463E0-D7B6-4EBC-A371-38F8255153C0}.Debug|x64.ActiveCfg = Debug|x64
		{423463E0-D7B6-4EBC-A371-38F8255153C0}.Debug|x64.Build.0 = Debug|x64
		{423463E0-D7B6-4EBC-A371-38F8255153C0}.Release|Win32.ActiveCfg = Release|Win32
		{423463E0-D7B6-4EBC-A371-38F8255153C0}.Release|Win32.Build.0 = Release|Win32
		{423463E0-D7B6-4EBC-A371-38F8255153C0}.Release|x64.ActiveCfg = Release|x64
		{423463E0-D7B6-4EBC-A371-38F8255153C0}.Release|x64.Build.0 = Release|x64
		{8B2DBBE6-0CA1-4C20-AC30-D9C4514784C7}.Debug|Win32.ActiveCfg = Debug|Win32
		{8B2DBBE6-0CA1-4C20-AC30-D9C4514784C7}.Debug|Win32.Build.0 = Debug|Win32
		{8B2DBBE6-0CA1-4C20-AC30-D9C4514784C7}.Debug|x64.ActiveCfg = Debug|x64
		{8B2DBBE6-0CA1-4C20-AC30-D9C4514784C7}.Debug|x64.Build.0 = Debug|x64
		{8B2DBBE6-0CA1-4C20-AC30-D9C4514784C7}.Release|Win32.ActiveCfg = Release|Win32
		{8B2DBBE6-0CA1-4C20-AC30-D9C4514784C7}.Release|Win32.Build.0 = Release|Win32
		{8B2DBBE6-0CA1-4C20-AC30-D9C4514784C7}.Release|x64.ActiveCfg = Release|x64
		{8B2DBBE6-0CA1-4C20-AC30-D9C4514784C7}.Release|x64.Build.0 = Release|x64
		{69F7D3E6-AD9F-4368-9343-B64CFA2913AE}.Debug|Win32.ActiveCfg = Debug|Win32
		{69F7D3E6-AD9F-4368-9343-B64CFA2913AE}.Debug|Win32.Build.0 = Debug|Win32
		{69F7D3E6-AD9F-4368-9343-B64CFA2913AE}.Debug|x64.ActiveCfg = Debug|x64
		{69F7D3E6-AD9F-4368-9343-B64CFA2913AE}.Debug|x64.Build.0 = Debug|x64
		{69F7D3E6-AD9F-4368-9343-B64CFA2913AE}.Release|Win32.ActiveCfg = Release|Win32
		{69F7D3E6-AD9F-4368-9343-B64CFA2913AE}.Release|Win32.Build.0 = Release|Win32
		{69F7D3E6-AD9F-4368-9343-B64CFA2913AE}.Release|x64.ActiveCfg = Release|x64
		{69F7D3E6-AD9F-4368-9343-B64CFA2913AE}.Release|x64.Build.0 = Release|x64
		{7CC5690F-593C-4938-922D-73A0AC84537A}.Debug|Win32.ActiveCfg = Debug|Win32
		{7CC5690F-593C-4938-922D-73A0AC84537A}.Debug|Win32.Build.0 = Debug|Win32
		{7CC5690F-593C-4938-922D-73A0AC84537A}.Debug|x64.ActiveCfg = Debug|x64
		{7CC5690F-593C-4938-922D-73A0AC84537A}.Debug|x64.Build.0 = Debug|x64
		{7CC5690F-593C-4938-922D-73A0AC84537A}.Release|Win32.ActiveCfg = Release|Win32
		{7CC5690F-593C-4938-922D-73A0AC84537A}.Release|Win32.Build.0 = Release|Win32
		{7CC5690F-593C-4938-922D-73A0AC84537A}.Release|x64.ActiveCfg = Release|x64
		{7CC5690F-593C-4938-922D-73A0AC84537A}.Release|x64.Build.0 = Release|x64
		{1777E251-0F50-496A-B8C5-EC7F41A0B186}.Debug|Win32.ActiveCfg = Debug|Win32
		{1777E251-0F50-496A-B8C5-EC7F41A0B186}.Debug|Win32.Build.0 = Debug|Win32
		{1777E251-0F50-496A-B8C5-EC7F41A0B186}.Debug|x64.ActiveCfg = Debug|x64
		{1777E251-0F50-496A-B8C5-EC7F41A0B186}.Debug|x64.Build.0 = Debug|x64
		{1777E251-0F50-496A-B8C5-EC7F41A0B186}.Release|Win32.ActiveCfg = Release|Win32
		{1777E251-0F50-496A-B8C5-EC7F41A0B186}.Release|Win32.Build.0 = Release|Win32
		{1777E251-0F50-496A-B8C5-EC7F41A0B186}.Release|x64.ActiveCfg = Release|x64
		{1777E251-0F50-496A-B8C5-EC7F41A0B186}.Release|x64.Build.0 = Release|x64
		{70752189-B826-4E5D-816B-61B9147881CB}.Debug|Win32.ActiveCfg = Debug|Win32
		{70752189-B826-4E5D-816B-61B9147881CB}.Debug|Win32.Build.0 = Debug|Win32
		{70752189-B826-4E5D-816B-61B9147881CB}.Debug|x64.ActiveCfg = Debug|x64
		{70752189-B826-4E5D-816B-61B9147881CB}.Debug|x64.Build.0 = Debug|x64
		{70752189-B826-4E5D-816B-61B9147881CB}.Release|Win32.ActiveCfg = Release|Win32
		{70752189-B826-4E5D-816B-61B9147881CB}.Release|Win32.Build.0 = Release|Win32
		{70752189-B826-4E5D-816B-61B9147881CB}.Release|x64.ActiveCfg = Release|x64
		{70752189-B826-4E5D-816B-61B9147881CB}.Release|x64.Build.0 = Release|x64
		{CF3A1DD3-1DC4-4238-A4B5-B3159599FCC0}.Debug|Win32.ActiveCfg = Debug|Win32
		{CF3A1DD3-1DC4-4238-A4B5-B3159599FCC0}.Debug|Win32.Build.0 = Debug|Win32
		{CF3A1DD3-1DC4-4238-A4B5-B3159599FCC0}.Debug|x64.ActiveCfg = Debug|x64
		{CF3A1DD3-1DC4-4238-A4B5-B3159599FCC0}.Debug|x64.Build.0 = Debug|x64
		{CF3A1DD3-1DC4-4238-A4B5-B3159599FCC0}.Release|Win32.ActiveCfg = Release|Win32
		{CF3A1DD3-1DC4-4238-A4B5-B3159599FCC0}.Release|Win32.Build.0 = Release|Win32
		{CF3A1DD3-1DC4-4238-A4B5-B3159599FCC0}.Release|x64.ActiveCfg = Release|x64
		{CF3A1DD3-1DC4-4238-A4B5-B3159599FCC0}.Release|x64.Build.0 = Release|x64
		{9C7402B4-F71E-41F8-BB17-320F47DE02C8}.Debug|Win32.ActiveCfg = Debug|Win32
		{9C7402B4-F71E-41F8-BB17-320F47DE02C8}.Debug|Win32.Build.0 = Debug|Win32
		{9C7402B4-F71E-41F8-BB17-320F47DE02C8}.Debug|x64.ActiveCfg = Debug|x64
		{9C7402B4-F71E-41F8-BB17-320F47DE02C8}.Debug|x64.Build.0 = Debug|x64
		{9C7402B4-F71E-41F8-BB17-320F47DE02C8}.Release|Win32.ActiveCfg = Release|Win32
		{9C7402B4-F71E-41F8-BB17-320F47DE02C8}.Release|Win32.Build.0 = Release|Win32
		{9C7402B4-F71E-41F8-BB17-320F47DE02C8}.Release|x64.ActiveCfg = Release|x64
		{9C7402B4-F71E-41F8-BB17-320F47DE02C8}.Release|x64.Build.0 = Release|x64
		{72EE75F4-BCFA-4152-BFC6-A3C2A2B2C9AC}.Debug|Win32.ActiveCfg = Debug|Win32
		{72EE75F4-BCFA-4152-BFC6-A3C2A2B2C9AC}.Debug|Win32.Build.0 = Debug|Win32
		{72EE75F4-BCFA-4152-BFC6-A3C2A2B2C9AC}.Debug|x64.ActiveCfg = Debug|x64
		{72EE75F4-BCFA-4152-BFC6-A3C2A2B2C9AC}.Debug|x64.Build.0 = Debug|x64
		{72EE75F4-BCFA-4152-BFC6-A3C2A2B2C9AC}.Release|Win32.ActiveCfg = Release|Win32
		{72EE75F4-BCFA-4152-BFC6-A3C2A2B2C9AC}.Release|Win32.Build.0 = Release|Win32
		{72EE75F4-BCFA-4152-BFC6-A3C2A2B2C9AC}.Release|x64.ActiveCfg = Release|x64
		{72EE75F4-BCFA-4152-BFC6-A3C2A2B2C9AC}.Release|x64.Build.0 = Release|x64
		{A7E94C2B-1F38-4D6E-8B5A-9C0D2E3F4A6B}.Debug|Win32.ActiveCfg = Debug|Win32
		{A7E94C2B-1F38-4D6E-8B5A-9C0D2E3F4A6B}.Debug|Win32.Build.0 = Debug|Win32
		{A7E94C2B-1F38-4D6E-8B5A-9C0D2E3F4A6B}.Debug|x64.ActiveCfg = Debug|x64
		{A7E94C2B-1F38-4D6E-8B5A-9C0D2E3F4A6B}.Debug|x64.Build.0 = Debug|x64
		{A7E94C2B-1F38-4D6E-8B5A-9C0D2E3F4A6B}.Release|Win32.ActiveCfg = Release|Win32
		{A7E94C2B-1F38-4D6E-8B5A-9C0D2E3F4A6B}.Release|Win32.Build.0 = Release|Win32
		{A7E94C2B-1F38-4D6E-8B5A-9C0D2E3F4A6B}.Release|x64.ActiveCfg = Release|x64
		{A7E94C2B-1F38-4D6E-8B5A-9C0D2E3F4A6B}.Release|x64.Build.0 = Release|x64
		{312C5DE6-34C8-4474-B186-12989694C780}.Debug|Win32.ActiveCfg = Debug|Win32
		{312C5DE6-34C8-4474-B186-12989694C780}.Debug|x64.ActiveCfg = Debug|x64
		{312C5DE6-34C8-4474-B186-12989694C780}.Release|Win32.ActiveCfg = Release|Win32
		{312C5DE6-34C8-4474-B186-12989694C780}.Release|x64.ActiveCfg = Release|x64
		{C0E145AB-4882-4FD4-8ADD-630FC678FBC0}.Debug|Win32.ActiveCfg = Debug|Win32
		{C0E145AB-4882-4FD4-8ADD-630FC678FBC0}.Debug|Win32.Build.0 = Debug|Win32
		{C0E145AB-4882-4FD4-8ADD-630FC678FBC0}.Debug|x64.ActiveCfg = Debug|x64
		{C0E145AB-4882-4FD4-8ADD-630FC678FBC0}.Debug|x64.Build.0 = Debug|x64
		{C0E145AB-4882-4FD4-8ADD-630FC678FBC0}.Release|Win32.ActiveCfg = Release|Win32
		{C0E145AB-4882-4FD4-8ADD-630FC678FBC0}.Release|Win32.Build.0 = Release|Win32
		{C0E145AB-4882-4FD4-8ADD-630FC678FBC0}.Release|x64.ActiveCfg = Release|x64
		{C0E145AB-4882-4FD4-8ADD-630FC678FBC0}.Release|x64.Build.0 = Release|x64
		{6CE4F8D6-1709-47C5-9297-1619BBC4A71E}.Debug|Win32.ActiveCfg = Debug|Win32
		{6CE4F8D6-1709-47C5-9297-1619BBC4A71E}.Debug|Win32.Build.0 = Debug|Win32
		{6CE4F8D6-1709-47C5-9297-1619BBC4A71E}.Debug|x64.ActiveCfg = Debug|x64
		{6CE4F8D6-1709-47C5-9297-1619BBC4A71E}.Debug|x64.Build.0 = Debug|x64
		{6CE4F8D6-1709-47C5-9297-1619BBC4A71E}.Release|Win32.ActiveCfg = Release|Win32
		{6CE4F8D6-1709-47C5-9297-1619BBC4A71E}.Release|Win32.Build.0 = Release|Win32
		{6CE4F8D6-1709-47C5-9297-1619BBC4A71E}.Release|x64.ActiveCfg = Release|x64
		{6CE4F8D6-1709-47C5-9297-1619BBC4A71E}.Release|x64.Build.0 = Release|x64
		{B85C18A8-0D53-4E32-917E-F9BF30080B16}.Debug|Win32.ActiveCfg = Debug|Win32
		{B85C18A8-0D53-4E32-917E-F9BF30080B16}.Debug|Win32.Build.0 = Debug|Win32
		{B85C18A8-0D53-4E32-917E-F9BF30080B16}.Debug|x64.ActiveCfg = Debug|x64
		{B85C18A8-0D53-4E32-917E-F9BF30080B16}.Debug|x64.Build.0 = Debug|x64
		{B85C18A8-0D53-4E32-917E-F9BF30080B16}.Release|Win32.ActiveCfg = Release|Win32
		{B85C18A8-0D53-4E32-917E-F9BF30080B16}.Release|Win32.Build.0 = Release|Win32
		{B85C18A8-0D53-4E32-917E-F9BF30080B16}.Release|x64.ActiveCfg = Release|x64
		{B85C18A8-0D53-4E32-917E-F9BF30080B16}.Release|x64.Build.0 = Release|x64
		{86E7D2A2-C3E1-499A-800E-9557D292E0C2}.Debug|Win32.ActiveCfg = Debug|Win32
		{86E7D2A2-C3E1-499A-800E-9557D292E0C2}.Debug|Win32.Build.0 = Debug|Win32
		{86E7D2A2-C3E1-499A-800E-9557D292E0C2}.Debug|x64.ActiveCfg = Debug|x64
		{86E7D2A2-C3E1-499A-800E-9557D292E0C2}.Debug|x64.Build.0 = Debug|x64
		{86E7D2A2-C3E1-499A-800E-9557D292E0C2}.Release|Win32.ActiveCfg = Release|Win32
		{86E7D2A2-C3E1-499A-800E-9557D292E0C2}.Release|Win32.Build.0 = Release|Win32
		{86E7D2A2-C3E1-499A-800E-9557D292E0C2}.Release|x64.ActiveCfg = Release|x64
		{86E7D2A2-C3E1-499A-800E-9557D292E0C2}.Release|x64.Build.0 = Release|x64
		{115BC0F5-8702-4EC6-9724-D0FBE76D80CB}.Debug|Win32.ActiveCfg = Debug|Win32
		{115BC0F5-8702-4EC6-9724-D0FBE76D80CB}.Debug|Win32.Build.0 = Debug|Win32
		{115BC0F5-8702-4EC6-9724-D0FBE76D80CB}.Debug|x64.ActiveCfg = Debug|x64
		{115BC0F5-8702-4EC6-9724-D0FBE76D80CB}.Debug|x64.Build.0 = Debug|x64
		{115BC0F5-8702-4EC6-9724-D0FBE76D80CB}.Release|Win32.ActiveCfg = Release|Win32
		{115BC0F5-8702-4EC6-9724-D0FBE76D80CB}.Release|Win32.Build.0 = Release|Win32
		{115BC0F5-8702-4EC6-9724-D0FBE76D80CB}.Release|x64.ActiveCfg = Release|x64
		{115BC0F5-8702-4EC6-9724-D0FBE76D80CB}.Release|x64.Build.0 = Release|x64
		{45E99B43-F47B-4AAD-AC88-F95BF467F463}.Debug|Win32.ActiveCfg = Debug|Win32
		{45E99B43-F47B-4AAD-AC88-F95BF467F463}.Debug|Win32.Build.0 = Debug|Win32
		{45E99B43-F47B-4AAD-AC88-F95BF467F463}.Debug|x64.ActiveCfg = Debug|x64
		{45E99B43-F47B-4AAD-AC88-F95BF467F463}.Debug|x64.Build.0 = Debug|x64
		{45E99B43-F47B-4AAD-AC88-F95BF467F463}.Release|Win32.ActiveCfg = Release|Win32
		{45E99B43-F47B-4AAD-AC88-F95BF467F463}.Release|Win32.Build.0 = Release|Win32
		{45E99B43-F47B-4AAD-AC88-F95BF467F463}.Release|x64.ActiveCfg = Release|x64
		{45E99B43-F47B-4AAD-AC88-F95BF467F463}.Release|x64.Build.0 = Release|x64
		{C8A45A79-5CFA-4D9C-987C-EACC4E59724C}.Debug|Win32.ActiveCfg = Debug|Win32
		{C8A45A79-5CFA-4D9C-987C-EACC4E59724C}.Debug|Win32.Build.0 = Debug|Win32
		{C8A45A79-5CFA-4D9C-987C-EACC4E59724C}.Debug|x64.ActiveCfg = Debug|x64
		{C8A45A79-5CFA-4D9C-987C-EACC4E59724C}.Debug|x64.Build.0 = Debug|x64
		{C8A45A79-5CFA-4D9C-987C-EACC4E59724C}.Release|Win32.ActiveCfg = Release|Win32
		{C8A45A79-5CFA-4D9C-987C-EACC4E59724C}.Release|Win32.Build.0 = Release|Win32
		{C8A45A79-5CFA-4D9C-987C-EACC4E59724C}.Release|x64.ActiveCfg = Release|x64
		{C8A45A79-5CFA-4D9C-987C-EACC4E59724C}.Release|x64.Build.0 = Release|x64
		{200FB60C-6C01-48A7-886A-8E3683EB21BC}.Debug|Win32.ActiveCfg = Debug|Win32
		{200FB60C-6C01-48A7-886A-8E3683EB21BC}.Debug|Win32.Build.0 = Debug|Win32
		{200FB60C-6C01-48A7-886A-8E3683EB21BC}.Debug|x64.ActiveCfg = Debug|x64
		{200FB60C-6C01-48A7-886A-8E3683EB21BC}.Debug|x64.Build.0 = Debug|x64
		{200FB60C-6C01-48A7-886A-8E3683EB21BC}.Release|Win32.ActiveCfg = Release|Win32
		{200FB60C-6C01-48A7-886A-8E3683EB21BC}.Release|Win32.Build.0 = Release|Win32
		{200FB60C-6C01-48A7-886A-8E3683EB21BC}.Release|x64.ActiveCfg = Release|x64
		{200FB60C-6C01-48A7-886A-8E3683EB21BC}.Release|x64.Build.0 = Release|x64
		{D2B98AEB-5F1E-4C21-8F36-DE8CFFF63AFB}.Debug|Win32.ActiveCfg = Debug|Win32
		{D2B98AEB-5F1E-4C21-8F36-DE8CFFF63AFB}.Debug|Win32.Build.0 = Debug|Win32
		{D2B98AEB-5F1E-4C21-8F36-DE8CFFF63AFB}.Debug|x64.ActiveCfg = Debug|x64
		{D2B98AEB-5F1E-4C21-8F36-DE8CFFF63AFB}.Debug|x64.Build.0 = Debug|x64
		{D2B98AEB-5F1E-4C21-8F36-DE8CFFF63AFB}.Release|Win32.ActiveCfg = Release|Win32
		{D2B98AEB-5F1E-4C21-8F36-DE8CFFF63AFB}.Release|Win32.Build.0 = Release|Win32
		{D2B98AEB-5F1E-4C21-8F36-DE8CFFF63AFB}.Release|x64.ActiveCfg = Release|x64
		{D2B98AEB-5F1E-4C21-8F36-DE8CFFF63AFB}.Release|x64.Build.0 = Release|x64
		{AA13000E-587F-9444-C2AE-D3CF07330C68}.Debug|Win32.ActiveCfg = Debug|Win32
		{AA13000E-587F-9444-C2AE-D3CF07330C68}.Debug|Win32.Build.0 = Debug|Win32
		{AA13000E-587F-9444-C2AE-D3CF07330C68}.Debug|x64.ActiveCfg = Debug|x64
		{AA13000E-587F-9444-C2AE-D3CF07330C68}.Debug|x64.Build.0 = Debug|x64
		{AA13000E-587F-9444-C2AE-D3CF07330C68}.Release|Win32.ActiveCfg = Release|Win32
		{AA13000E-587F-9444-C2AE-D3CF07330C68}.Release|Win32.Build.0 = Release|Win32
		{AA13000E-587F-9444-C2AE-D3CF07330C68}.Release|x64.ActiveCfg = Release|x64
		{AA13000E-587F-9444-C2AE-D3CF07330C68}.Release|x64.Build.0 = Release|x64
		{A89E7081-B27E-4604-994D-C9AA7D3BA138}.Debug|Win32.ActiveCfg = Debug|Win32
		{A89E7081-B27E-4604-994D-C9AA7D3BA138}.Debug|Win32.Build.0 = Debug|Win32
		{A89E7081-B27E-4604-994D-C9AA7D3BA138}.Debug|x64.ActiveCfg = Debug|x64
		{A89E7081-B27E-4604-994D-C9AA7D3BA138}.Debug|x64.Build.0 = Debug|x64
		{A89E7081-B27E-4604-994D-C9AA7D3BA138}.Release|Win32.ActiveCfg = Release|Win32
		{A89E7081-B27E-4604-994D-C9AA7D3BA138}.Release|Win32.Build.0 = Release|Win32
		{A89E7081-B27E-4604-994D-C9AA7D3BA138}.Release|x64.ActiveCfg = Release|x64
		{A89E7081-B27E-4604-994D-C9AA7D3BA138}.Release|x64.Build.0 = Release|x64
		{49E2501B-5EDB-C708-272B-819C53BEB0E5}.Debug|Win32.ActiveCfg = Debug|Win32
		{49E2501B-5EDB-C708-272B-819C53BEB0E5}.Debug|Win32.Build.0 = Debug|Win32
		{49E2501B-5EDB-C708-272B-819C53BEB0E5}.Debug|x64.ActiveCfg = Debug|x64
		{49E2501B-5EDB-C708-272B-819C53BEB0E5}.Debug|x64.Build.0 = Debug|x64
		{49E2501B-5EDB-C708-272B-819C53BEB0E5}.Release|Win32.ActiveCfg = Release|Win32
		{49E2501B-5EDB-C708-272B-819C53BEB0E5}.Release|Win32.Build.0 = Release|Win32
		{49E2501B-5EDB-C708-272B-819C53BEB0E5}.Release|x64.ActiveCfg = Release|x64
		{49E2501B-5EDB-C708-272B-819C53BEB0E5}.Release|x64.Build.0 = Release|x64
		{737BAD44-4494-4A84-92F7-1E5180637A32}.Debug|Win32.ActiveCfg = Debug|Win32
		{737BAD44-4494-4A84-92F7-1E5180637A32}.Debug|Win32.Build.0 = Debug|Win32
		{737BAD44-4494-4A84-92F7-1E5180637A32}.Debug|x64.ActiveCfg = Debug|x64
		{737BAD44-4494-4A84-92F7-1E5180637A32}.Debug|x64.Build.0 = Debug|x64
		{737BAD44-4494-4A84-92F7-1E5180637A32}.Release|Win32.ActiveCfg = Release|Win32
		{737BAD44-4494-4A84-92F7-1E5180637A32}.Release|Win32.Build.0 = Release|Win32
		{737BAD44-4494-4A84-92F7-1E5180637A32}.Release|x64.ActiveCfg = Release|x64
		{737BAD44-4494-4A84-92F7-1E5180637A32}.Release|x64.Build.0 = Release|x64
		{1BAD06FA-B424-4EB0-B2C9-DDA0420A94FB}.Debug|Win32.ActiveCfg = Debug|Win32
		{1BAD06FA-B424-4EB0-B2C9-DDA0420A94FB}.Debug|Win32.Build.0 = Debug|Win32
		{1BAD06FA-B424-4EB0-B2C9-DDA0420A94FB}.Debug|x64.ActiveCfg = Debug|x64
		{1BAD06FA-B424-4EB0-B2C9-DDA0420A94FB}.Debug|x64.Build.0 = Debug|x64
		{1BAD06FA-B424-4EB0-B2C9-DDA0420A94FB}.Release|Win32.ActiveCfg = Release|Win32
		{1BAD06FA-B424-4EB0-B2C9-DDA0420A94FB}.Release|Win32.Build.0 = Release|Win32
		{1BAD06FA-B424-4EB0-B2C9-DDA0420A94FB}.Release|x64.ActiveCfg = Release|x64
		{1BAD06FA-B424-4EB0-B2C9-DDA0420A94FB}.Release|x64.Build.0 = Release|x64
		{393E9E63-F305-4BA9-99DE-D95CEACD910F}.Debug|Win32.ActiveCfg = Debug|Win32
		{393E9E63-F305-4BA9-99DE-D95CEACD910F}.Debug|Win32.Build.0 = Debug|Win32
		{393E9E63-F305-4BA9-99DE-D95CEACD910F}.Debug|x64.ActiveCfg = Debug|x64
		{393E9E63-F305-4BA9-99DE-D95CEACD910F}.Debug|x64.Build.0 = Debug|x64
		{393E9E63-F305-4BA9-99DE-D95CEACD910F}.Release|Win32.ActiveCfg = Release|Win32
		{393E9E63-F305-4BA9-99DE-D95CEACD910F}.Release|Win32.Build.0 = Release|Win32
		{393E9E63-F305-4BA9-99DE-D95CEACD910F}.Release|x64.ActiveCfg = Release|x64
		{393E9E63-F305-4BA9-99DE-D95CEACD910F}.Release|x64.Build.0 = Release|x64
		{14BF0BDF-3D27-3D7B-8DA7-5F8D21B547F5}.Debug|Win32.ActiveCfg = Debug|Win32
		{14BF0BDF-3D27-3D7B-8DA7-5F8D21B547F5}.Debug|Win32.Build.0 = Debug|Win32
		{14BF0BDF-3D27-3D7B-8DA7-5F8D21B547F5}.Debug|x64.ActiveCfg = Debug|x64
		{14BF0BDF-3D27-3D7B-8DA7-5F8D21B547F5}.Debug|x64.Build.0 = Debug|x64
		{14BF0BDF-3D27-3D7B-8DA7-5F8D21B547F5}.Release|Win32.ActiveCfg = Release|Win32
		{14BF0BDF-3D27-3D7B-8DA7-5F8D21B547F5}.Release|Win32.Build.0 = Release|Win32
		{14BF0BDF-3D27-3D7B-8DA7-5F8D21B547F5}.Release|x64.ActiveCfg = Release|x64
		{14BF0BDF-3D27-3D7B-8DA7-5F8D21B547F5}.Release|x64.Build.0 = Release|x64
		{81211C8F-4071-8EBE-B9D2-60DE49D11B51}.Debug|Win32.ActiveCfg = Debug|Win32
		{81211C8F-4071-8EBE-B9D2-60DE49D11B51}.Debug|Win32.Build.0 = Debug|Win32
		{81211C8F-4071-8EBE-B9D2-60DE49D11B51}.Debug|x64.ActiveCfg = Debug|x64
		{81211C8F-4071-8EBE-B9D2-60DE49D11B51}.Debug|x64.Build.0 = Debug|x64
		{81211C8F-4071-8EBE-B9D2-60DE49D11B51}.Release|Win32.ActiveCfg = Release|Win32
		{81211C8F-4071-8EBE-B9D2-60DE49D11B51}.Release|Win32.Build.0 = Release|Win32
		{81211C8F-4071-8EBE-B9D2-60DE49D11B51}.Release|x64.ActiveCfg = Release|x64
		{81211C8F-4071-8EBE-B9D2-60DE49D11B51}.Release|x64.Build.0 = Release|x64
		{4C8EBB25-558B-0B2A-9446-2383FBF57B30}.Debug|Win32.ActiveCfg = Debug|Win32
		{4C8EBB25-558B-0B2A-9446-2383FBF57B30}.Debug|Win32.Build.0 = Debug|Win32
		{4C8EBB25-558B-0B2A-9446-2383FBF57B30}.Debug|x64.ActiveCfg = Debug|x64
		{4C8EBB25-558B-0B2A-9446-2383FBF57B30}.Debug|x64.Build.0 = Debug|x64
		{4C8EBB25-558B-0B2A-9446-2383FBF57B30}.Release|Win32.ActiveCfg = Release|Win32
		{4C8EBB25-558B-0B2A-9446-2383FBF57B30}.Release|Win32.Build.0 = Release|Win32
		{4C8EBB25-558B-0B2A-9446-2383FBF57B30}.Release|x64.ActiveCfg = Release|x64
		{4C8EBB25-558B-0B2A-9446-2383FBF57B30}.Release|x64.Build.0 = Release|x64
		{8FB2D4B3-9530-4F50-90E8-4D36889FBCC1}.Debug|Win32.ActiveCfg = Debug|Win32
		{8FB2D4B3-9530-4F50-90E8-4D36889FBCC1}.Debug|Win32.Build.0 = Debug|Win32
		{8FB2D4B3-9530-4F50-90E8-4D36889FBCC1}.Debug|x64.ActiveCfg = Debug|x64
		{8FB2D4B3-9530-4F50-90E8-4D36889FBCC1}.Debug|x64.Build.0 = Debug|x64
		{8FB2D4B3-9530-4F50-90E8-4D36889FBCC1}.Release|Win32.ActiveCfg = Release|Win32
		{8FB2D4B3-9530-4F50-90E8-4D36889FBCC1}.Release|Win32.Build.0 = Release|Win32
		{8FB2D4B3-9530-4F50-90E8-4D36889FBCC1}.Release|x64.ActiveCfg = Release|x64
		{8FB2D4B3-9530-4F50-90E8-4D36889FBCC1}.Release|x64.Build.0 = Release|x64
		{B0608FE1-92B3-456B-8CD4-0C131A0244E9}.Debug|Win32.ActiveCfg = Debug|Win32
		{B0608FE1-92B3-456B-8CD4-0C131A0244E9}.Debug|Win32.Build.0 = Debug|Win32
		{B0608FE1-92B3-456B-8CD4-0C131A0244E9}.Debug|x64.ActiveCfg = Debug|x64
		{B0608FE1-92B3-456B-8CD4-0C131A0244E9}.Debug|x64.Build.0 = Debug|x64
		{B0608FE1-92B3-456B-8CD4-0C131A0244E9}.Release|Win32.ActiveCfg = Release|Win32
		{B0608FE1-92B3-456B-8CD4-0C131A0244E9}.Release|Win32.Build.0 = Release|Win32
		{B0608FE1-92B3-456B-8CD4-0C131A0244E9}.Release|x64.ActiveCfg = Release|x64
		{B0608FE1-92B3-456B-8CD4-0C131A0244E9}.Release|x64.Build.0 = Release|x64
		{0933A2DA-4DC0-44DA-8A70-1059DDB71D32}.Debug|Win32.ActiveCfg = Debug|Win32
		{0933A2DA-4DC0-44DA-8A70-1059DDB71D32}.Debug|Win32.Build.0 = Debug|Win32
		{0933A2DA-4DC0-44DA-8A70-1059DDB71D32}.Debug|x64.ActiveCfg = Debug|x64
		{0933A2DA-4DC0-44DA-8A70-1059DDB71D32}.Debug|x64.Build.0 = Debug|x64
		{0933A2DA-4DC0-44DA-8A70-1059DDB71D32}.Release|Win32.ActiveCfg = Release|Win32
		{0933A2DA-4DC0-44DA-8A70-1059DDB71D32}.Release|Win32.Build.0 = Release|Win32
		{0933A2DA-4DC0-44DA-8A70-1059DDB71D32}.Release|x64.ActiveCfg = Release|x64
		{0933A2DA-4DC0-44DA-8A70-1059DDB71D32}.Release|x64.Build.0 = Release|x64
		{1F8C6D85-EAA4-4FAF-99C7-9F0C78D19DFC}.Debug|Win32.ActiveCfg = Debug|Win32
		{1F8C6D85-EAA4-4FAF-99C7-9F0C78D19DFC}.Debug|Win32.Build.0 = Debug|Win32
		{1F8C6D85-EAA4-4FAF-99C7-9F0C78D19DFC}.Debug|x64.ActiveCfg = Debug|x64
		{1F8C6D85-EAA4-4FAF-99C7-9F0C78D19DFC}.Debug|x64.Build.0 = Debug|x64
		{1F8C6D85-EAA4-4FAF-99C7-9F0C78D19DFC}.Release|Win32.ActiveCfg = Release|Win32
		{1F8C6D85-EAA4-4FAF-99C7-9F0C78D19DFC}.Release|Win32.Build.0 = Release|Win32
		{1F8C6D85-EAA4-4FAF-99C7-9F0C78D19DFC}.Release|x64.ActiveCfg = Release|x64
		{1F8C6D85-EAA4-4FAF-99C7-9F0C78D19DFC}.Release|x64.Build.0 = Release|x64
		{0C0E4BF1-7A2F-44BD-BF0B-FF899BE639FF}.Debug|Win32.ActiveCfg = Debug|Win32
		{0C0E4BF1-7A2F-44BD-BF0B-FF899BE639FF}.Debug|Win32.Build.0 = Debug|Win32
		{0C0E4BF1-7A2F-44BD-BF0B-FF899BE639FF}.Debug|x64.ActiveCfg = Debug|x64
		{0C0E4BF1-7A2F-44BD-BF0B-FF899BE639FF}.Debug|x64.Build.0 = Debug|x64
		{0C0E4BF1-7A2F-44BD-BF0B-FF899BE639FF}.Release|Win32.ActiveCfg = Release|Win32
		{0C0E4BF1-7A2F-44BD-BF0B-FF899BE639FF}.Release|Win32.Build.0 = Release|Win32
		{0C0E4BF1-7A2F-44BD-BF0B-FF899BE639FF}.Release|x64.ActiveCfg = Release|x64
		{0C0E4BF1-7A2F-44BD-BF0B-FF899BE639FF}.Release|x64.Build.0 = Release|x64
		{FD057819-96EB-381C-00D4-BDD12463EBFF}.Debug|Win32.ActiveCfg = Debug|Win32
		{FD057819-96EB-381C-00D4-BDD12463EBFF}.Debug|Win32.Build.0 = Debug|Win32
		{FD057819-96EB-381C-00D4-BDD12463EBFF}.Debug|x64.ActiveCfg = Debug|x64
		{FD057819-96EB-381C-00D4-BDD12463EBFF}.Debug|x64.Build.0 = Debug|x64
		{FD057819-96EB-381C-00D4-BDD12463EBFF}.Release|Win32.ActiveCfg = Release|Win32
		{FD057819-96EB-381C-00D4-BDD12463EBFF}.Release|Win32.Build.0 = Release|Win32
		{FD057819-96EB-381C-00D4-BDD12463EBFF}.Release|x64.ActiveCfg = Release|x64
		{FD057819-96EB-381C-00D4-BDD12463EBFF}.Release|x64.Build.0 = Release|x64
		{0F2050F5-AF25-49C2-B85C-5EC7521A38F5}.Debug|Win32.ActiveCfg = Debug|Win32
		{0F2050F5-AF25-49C2-B85C-5EC7521A38F5}.Debug|Win32.Build.0 = Debug|Win32
		{0F2050F5-AF25-49C2-B85C-5EC7521A38F5}.Debug|x64.ActiveCfg = Debug|x64
		{0F2050F5-AF25-49C2-B85C-5EC7521A38F5}.Debug|x64.Build.0 = Debug|x64
		{0F2050F5-AF25-49C2-B85C-5EC7521A38F5}.Release|Win32.ActiveCfg = Release|Win32
		{0F2050F5-AF25-49C2-B85C-5EC7521A38F5}.Release|Win32.Build.0 = Release|Win32
		{0F2050F5-AF25-49C2-B85C-5EC7521A38F5}.Release|x64.ActiveCfg = Release|x64
		{0F2050F5-AF25-49C2-B85C-5EC7521A38F5}.Release|x64.Build.0 = Release|x64
		{418DCF34-7AFF-48B3-948A-59321A9608CB}.Debug|Win32.ActiveCfg = Debug|Win32
		{418DCF34-7AFF-48B3-948A-59321A9608CB}.Debug|Win32.Build.0 = Debug|Win32
		{418DCF34-7AFF-48B3-948A-59321A9608CB}.Debug|x64.ActiveCfg = Debug|x64
		{418DCF34-7AFF-48B3-948A-59321A9608CB}.Debug|x64.Build.0 = Debug|x64
		{418DCF34-7AFF-48B3-948A-59321A9608CB}.Release|Win32.ActiveCfg = Release|Win32
		{418DCF34-7AFF-48B3-948A-59321A9608CB}.Release|Win32.Build.0 = Release|Win32
		{418DCF34-7AFF-48B3-948A-59321A9608CB}.Release|x64.ActiveCfg = Release|x64
		{418DCF34-7AFF-48B3-948A-59321A9608CB}.Release|x64.Build.0 = Release|x64
		{5525F811-E966-44E4-9170-E9E69987EEA0}.Debug|Win32.ActiveCfg = Debug|Win32
		{5525F811-E966-44E4-9170-E9E69987EEA0}.Debug|Win32.Build.0 = Debug|Win32
		{5525F811-E966-44E4-9170-E9E69987EEA0}.Debug|x64.ActiveCfg = Debug|x64
		{5525F811-E966-44E4-9170-E9E69987EEA0}.Debug|x64.Build.0 = Debug|x64
		{5525F811-E966-44E4-9170-E9E69987EEA0}.Release|Win32.ActiveCfg = Release|Win32
		{5525F811-E966-44E4-9170-E9E69987EEA0}.Release|Win32.Build.0 = Release|Win32
		{5525F811-E966-44E4-9170-E9E69987EEA0}.Release|x64.ActiveCfg = Release|x64
		{5525F811-E966-44E4-9170-E9E69987EEA0}.Release|x64.Build.0 = Release|x64
		{731546E4-6ED0-475B-8DCC-A61639A10147}.Debug|Win32.ActiveCfg = Debug|Win32
		{731546E4-6ED0-475B-8DCC-A61639A10147}.Debug|Win32.Build.0 = Debug|Win32
		{731546E4-6ED0-475B-8DCC-A61639A10147}.Debug|x64.ActiveCfg = Debug|x64
		{731546E4-6ED0-475B-8DCC-A61639A10147}.Debug|x64.Build.0 = Debug|x64
		{731546E4-6ED0-475B-8DCC-A61639A10147}.Release|Win32.ActiveCfg = Release|Win32
		{731546E4-6ED0-475B-8DCC-A61639A10147}.Release|Win32.Build.0 = Release|Win32
		{731546E4-6ED0-475B-8DCC-A61639A10147}.Release|x64.ActiveCfg = Release|x64
		{731546E4-6ED0-475B-8DCC-A61639A10147}.Release|x64.Build.0 = Release|x64
		{8A3D44AE-53BB-4E6A-B56F-6DC565D4F80D}.Debug|Win32.ActiveCfg = Debug|Win32
		{8A3D44AE-53BB-4E6A-B56F-6DC565D4F80D}.Debug|Win32.Build.0 = Debug|Win32
		{8A3D44AE-53BB-4E6A-B56F-6DC565D4F80D}.Debug|x64.ActiveCfg = Debug|x64
		{8A3D44AE-53BB-4E6A-B56F-6DC565D4F80D}.Debug|x64.Build.0 = Debug|x64
		{8A3D44AE-53BB-4E6A-B56F-6DC565D4F80D}.Release|Win32.ActiveCfg = Release|Win32
		{8A3D44AE-53BB-4E6A-B56F-6DC565D4F80D}.Release|Win32.Build.0 = Release|Win32
		{8A3D44AE-53BB-4E6A-B56F-6DC565D4F80D}.Release|x64.ActiveCfg = Release|x64
		{8A3D44AE-53BB-4E6A-B56F-6DC565D4F80D}.Release|x64.Build.0 = Release|x64
		{B2F1C3A4-5D6E-4F70-9A1B-2C3D4E5F6071}.Debug|Win32.ActiveCfg = Debug|Win32
		{B2F1C3A4-5D6E-4F70-9A1B-2C3D4E5F6071}.Debug|Win32.Build.0 = Debug|Win32
		{B2F1C3A4-5D6E-4F70-9A1B-2C3D4E5F6071}.Debug|x64.ActiveCfg = Debug|x64
		{B2F1C3A4-5D6E-4F70-9A1B-2C3D4E5F6071}.Debug|x64.Build.0 = Debug|x64
		{B2F1C3A4-5D6E-4F70-9A1B-2C3D4E5F6071}.Release|Win32.ActiveCfg = Release|Win32
		{B2F1C3A4-5D6E-4F70-9A1B-2C3D4E5F6071}.Release|Win32.Build.0 = Release|Win32
		{B2F1C3A4-5D6E-4F70-9A1B-2C3D4E5F6071}.Release|x64.ActiveCfg = Release|x64
		{B2F1C3A4-5D6E-4F70-9A1B-2C3D4E5F6071}.Release|x64.Build.0 = Release|x64
		{4F5C2D1E-BD64-4E83-8CEF-7B20A75C68B2}.Debug|Win32.ActiveCfg = Debug|Win32
		{4F5C2D1E-BD64-4E83-8CEF-7B20A75C68B2}.Debug|Win32.Build.0 = Debug|Win32
		{4F5C2D1E-BD64-4E83-8CEF-7B20A75C68B2}.Debug|x64.ActiveCfg = Debug|x64
		{4F5C2D1E-BD64-4E83-8CEF-7B20A75C68B2}.Debug|x64.Build.0 = Debug|x64
		{4F5C2D1E-BD64-4E83-8CEF-7B20A75C68B2}.Release|Win32.ActiveCfg = Release|Win32
		{4F5C2D1E-BD64-4E83-8CEF-7B20A75C68B2}.Release|Win32.Build.0 = Release|Win32
		{4F5C2D1E-BD64-4E83-8CEF-7B20A75C68B2}.Release|x64.ActiveCfg = Release|x64
		{4F5C2D1E-BD64-4E83-8CEF-7B20A75C68B2}.Release|x64.Build.0 = Release|x64
		{5145E041-CC34-4855-ACC1-2370A32B6858}.Debug|Win32.ActiveCfg = Debug|Win32
		{5145E041-CC34-4855-ACC1-2370A32B6858}.Debug|Win32.Build.0 = Debug|Win32
		{5145E041-CC34-4855-ACC1-2370A32B6858}.Debug|x64.ActiveCfg = Debug|x64
		{5145E041-CC34-4855-ACC1-2370A32B6858}.Debug|x64.Build.0 = Debug|x64
		{5145E041-CC34-4855-ACC1-2370A32B6858}.Release|Win32.ActiveCfg = Release|Win32
		{5145E041-CC34-4855-ACC1-2370A32B6858}.Release|Win32.Build.0 = Release|Win32
		{5145E041-CC34-4855-ACC1-2370A32B6858}.Release|x64.ActiveCfg = Release|x64
		{5145E041-CC34-4855-ACC1-2370A32B6858}.Release|x64.Build.0 = Release|x64
		{112EA614-18C9-432A-8758-134961DE6301}.Debug|Win32.ActiveCfg = Debug|Win32
		{112EA614-18C9-432A-8758-134961DE6301}.Debug|Win32.Build.0 = Debug|Win32
		{112EA614-18C9-432A-8758-134961DE6301}.Debug|x64.ActiveCfg = Debug|x64
		{112EA614-18C9-432A-8758-134961DE6301}.Debug|x64.Build.0 = Debug|x64
		{112EA614-18C9-432A-8758-134961DE6301}.Release|Win32.ActiveCfg = Release|Win32
		{112EA614-18C9-432A-8758-134961DE6301}.Release|Win32.Build.0 = Release|Win32
		{112EA614-18C9-432A-8758-134961DE6301}.Release|x64.ActiveCfg = Release|x64
		{112EA614-18C9-432A-8758-134961DE6301}.Release|x64.Build.0 = Release|x64
		{193D134B-92B3-4FAB-9B9D-D3A626036CFA}.Debug|Win32.ActiveCfg = Debug|Win32
		{193D134B-92B3-4FAB-9B9D-D3A626036CFA}.Debug|Win32.Build.0 = Debug|Win32
		{193D134B-92B3-4FAB-9B9D-D3A626036CFA}.Debug|x64.ActiveCfg = Debug|x64
		{193D134B-92B3-4FAB-9B9D-D3A626036CFA}.Debug|x64.Build.0 = Debug|x64
		{193D134B-92B3-4FAB-9B9D-D3A626036CFA}.Release|Win32.ActiveCfg = Release|Win32
		{193D134B-92B3-4FAB-9B9D-D3A626036CFA}.Release|Win32.Build.0 = Release|Win32
		{193D134B-92B3-4FAB-9B9D-D3A626036CFA}.Release|x64.ActiveCfg = Release|x64
		{193D134B-92B3-4FAB-9B9D-D3A626036CFA}.Release|x64.Build.0 = Release|x64
		{B3E9F4A1-7C52-4D68-9E13-8A0F2D6C5B47}.Debug|Win32.ActiveCfg = Debug|Win32
		{B3E9F4A1-7C52-4D68-9E13-8A0F2D6C5B47}.Debug|Win32.Build.0 = Debug|Win32
		{B3E9F4A1-7C52-4D68-9E13-8A0F2D6C5B47}.Debug|x64.ActiveCfg = Debug|x64
		{B3E9F4A1-7C52-4D68-9E13-8A0F2D6C5B47}.Debug|x64.Build.0 = Debug|x64
		{B3E9F4A1-7C52-4D68-9E13-8A0F2D6C5B47}.Release|Win32.ActiveCfg = Release|Win32
		{B3E9F4A1-7C52-4D68-9E13-8A0F2D6C5B47}.Release|Win32.Build.0 = Release|Win32
		{B3E9F4A1-7C52-4D68-9E13-8A0F2D6C5B47}.Release|x64.ActiveCfg = Release|x64
		{B3E9F4A1-7C52-4D68-9E13-8A0F2D6C5B47}.Release|x64.Build.0 = Release|x64
	EndGlobalSection
	GlobalSection(SolutionProperties) = preSolution
		HideSolutionNode = FALSE
	EndGlobalSection
	GlobalSection(NestedProjects) = preSolution
		{A648B03F-7642-4857-A62A-AFABC7CAB451} = {5BB58FDF-3760-4BAD-A147-D71E4EC66BE8}
		{BC2C195E-87B3-4974-A398-0E1FA51FBB8E} = {A648B03F-7642-4857-A62A-AFABC7CAB451}
		{E0A98D60-D694-4E6E-836B-E41AB5737D1D} = {A648B03F-7642-4857-A62A-AFABC7CAB451}
		{2A0A06A4-E9C6-4229-82EE-BD2D4E0A7221} = {5BB58FDF-3760-4BAD-A147-D71E4EC66BE8}
		{D43171FB-8208-4E52-860A-6BAE2A2FA573} = {A648B03F-7642-4857-A62A-AFABC7CAB451}
		{BBE410C2-F564-4564-951B-9FADE9BA5041} = {A648B03F-7642-4857-A62A-AFABC7CAB451}
		{9329D84C-D3D8-46DC-9023-F35B2F57238C} = {A648B03F-7642-4857-A62A-AFABC7CAB451}
		{E886F222-1A69-4352-906E-2999271C59A5} = {A648B03F-7642-4857-A62A-AFABC7CAB451}
		{F3077B9F-C8B6-441B-9A21-C76EA07CCE2B} = {A648B03F-7642-4857-A62A-AFABC7CAB451}
		{FC765D31-8E9E-4171-84E2-307CB8931E06} = {A648B03F-7642-4857-A62A-AFABC7CAB451}
		{60814EE3-1457-44A9-82D8-DBFF1B924CE4} = {A648B03F-7642-4857-A62A-AFABC7CAB451}
		{423463E0-D7B6-4EBC-A371-38F8255153C0} = {A648B03F-7642-4857-A62A-AFABC7CAB451}
		{8B2DBBE6-0CA1-4C20-AC30-D9C4514784C7} = {A648B03F-7642-4857-A62A-AFABC7CAB451}
		{69F7D3E6-AD9F-4368-9343-B64CFA2913AE} = {A648B03F-7642-4857-A62A-AFABC7CAB451}
		{7CC5690F-593C-4938-922D-73A0AC84537A} = {5BB58FDF-3760-4BAD-A147-D71E4EC66BE8}
		{1777E251-0F50-496A-B8C5-EC7F41A0B186} = {B4485B60-AD10-4604-A4B1-A2E6DB1B1692}
		{70752189-B826-4E5D-816B-61B9147881CB} = {A648B03F-7642-4857-A62A-AFABC7CAB451}
		{CF3A1DD3-1DC4-4238-A4B5-B3159599FCC0} = {A648B03F-7642-4857-A62A-AFABC7CAB451}
		{B4485B60-AD10-4604-A4B1-A2E6DB1B1692} = {5BB58FDF-3760-4BAD-A147-D71E4EC66BE8}
		{9C7402B4-F71E-41F8-BB17-320F47DE02C8} = {B4485B60-AD10-4604-A4B1-A2E6DB1B1692}
		{42D9994B-93C6-4C4B-971A-A7C918CA4DB8} = {5BB58FDF-3760-4BAD-A147-D71E4EC66BE8}
		{72EE75F4-BCFA-4152-BFC6-A3C2A2B2C9AC} = {42D9994B-93C6-4C4B-971A-A7C918CA4DB8}
		{A7E94C2B-1F38-4D6E-8B5A-9C0D2E3F4A6B} = {42D9994B-93C6-4C4B-971A-A7C918CA4DB8}
		{EAFB7791-F141-4B87-A0F9-B5685A90A2C1} = {42D9994B-93C6-4C4B-971A-A7C918CA4DB8}
		{312C5DE6-34C8-4474-B186-12989694C780} = {EAFB7791-F141-4B87-A0F9-B5685A90A2C1}
		{C0E145AB-4882-4FD4-8ADD-630FC678FBC0} = {A648B03F-7642-4857-A62A-AFABC7CAB451}
		{6CE4F8D6-1709-47C5-9297-1619BBC4A71E} = {B4485B60-AD10-4604-A4B1-A2E6DB1B1692}
		{B85C18A8-0D53-4E32-917E-F9BF30080B16} = {B4485B60-AD10-4604-A4B1-A2E6DB1B1692}
		{86E7D2A2-C3E1-499A-800E-9557D292E0C2} = {EAFB7791-F141-4B87-A0F9-B5685A90A2C1}
		{115BC0F5-8702-4EC6-9724-D0FBE76D80CB} = {5BE16480-DAF9-4222-921D-836DF0AE9A27}
		{45E99B43-F47B-4AAD-AC88-F95BF467F463} = {0DB6D15B-FB5B-40AD-8422-1A2063801E58}
		{C8A45A79-5CFA-4D9C-987C-EACC4E59724C} = {0DB6D15B-FB5B-40AD-8422-1A2063801E58}
		{200FB60C-6C01-48A7-886A-8E3683EB21BC} = {0DB6D15B-FB5B-40AD-8422-1A2063801E58}
		{D2B98AEB-5F1E-4C21-8F36-DE8CFFF63AFB} = {5BE16480-DAF9-4222-921D-836DF0AE9A27}
		{AA13000E-587F-9444-C2AE-D3CF07330C68} = {5BE16480-DAF9-4222-921D-836DF0AE9A27}
		{A89E7081-B27E-4604-994D-C9AA7D3BA138} = {5BE16480-DAF9-4222-921D-836DF0AE9A27}
		{49E2501B-5EDB-C708-272B-819C53BEB0E5} = {5BE16480-DAF9-4222-921D-836DF0AE9A27}
		{737BAD44-4494-4A84-92F7-1E5180637A32} = {5BE16480-DAF9-4222-921D-836DF0AE9A27}
		{1BAD06FA-B424-4EB0-B2C9-DDA0420A94FB} = {5BE16480-DAF9-4222-921D-836DF0AE9A27}
		{393E9E63-F305-4BA9-99DE-D95CEACD910F} = {5BE16480-DAF9-4222-921D-836DF0AE9A27}
		{14BF0BDF-3D27-3D7B-8DA7-5F8D21B547F5} = {5BE16480-DAF9-4222-921D-836DF0AE9A27}
		{81211C8F-4071-8EBE-B9D2-60DE49D11B51} = {5BE16480-DAF9-4222-921D-836DF0AE9A27}
		{4C8EBB25-558B-0B2A-9446-2383FBF57B30} = {5BE16480-DAF9-4222-921D-836DF0AE9A27}
		{8FB2D4B3-9530-4F50-90E8-4D36889FBCC1} = {5BE16480-DAF9-4222-921D-836DF0AE9A27}
		{B0608FE1-92B3-456B-8CD4-0C131A0244E9} = {18FF8477-A889-4FD7-AE88-016BCD136ECC}
		{0933A2DA-4DC0-44DA-8A70-1059DDB71D32} = {18FF8477-A889-4FD7-AE88-016BCD136ECC}
		{930321E6-04DE-4772-9DE3-C6862FA849B6} = {18FF8477-A889-4FD7-AE88-016BCD136ECC}
		{C92B45ED-3DF2-4899-95A0-E52AFB5ACE87} = {930321E6-04DE-4772-9DE3-C6862FA849B6}
		{5A33CF04-86E0-48A4-B1D6-1623056E73F4} = {930321E6-04DE-4772-9DE3-C6862FA849B6}
		{1F8C6D85-EAA4-4FAF-99C7-9F0C78D19DFC} = {5A33CF04-86E0-48A4-B1D6-1623056E73F4}
		{0C0E4BF1-7A2F-44BD-BF0B-FF899BE639FF} = {5A33CF04-86E0-48A4-B1D6-1623056E73F4}
		{F3610FA8-F196-4879-A3C8-CD21D4CB420A} = {930321E6-04DE-4772-9DE3-C6862FA849B6}
		{FD057819-96EB-381C-00D4-BDD12463EBFF} = {5BE16480-DAF9-4222-921D-836DF0AE9A27}
		{0F2050F5-AF25-49C2-B85C-5EC7521A38F5} = {5BE16480-DAF9-4222-921D-836DF0AE9A27}
		{418DCF34-7AFF-48B3-948A-59321A9608CB} = {18FF8477-A889-4FD7-AE88-016BCD136ECC}
		{5525F811-E966-44E4-9170-E9E69987EEA0} = {18FF8477-A889-4FD7-AE88-016BCD136ECC}
		{731546E4-6ED0-475B-8DCC-A61639A10147} = {18FF8477-A889-4FD7-AE88-016BCD136ECC}
		{8A3D44AE-53BB-4E6A-B56F-6DC565D4F80D} = {18FF8477-A889-4FD7-AE88-016BCD136ECC}
		{B2F1C3A4-5D6E-4F70-9A1B-2C3D4E5F6071} = {18FF8477-A889-4FD7-AE88-016BCD136ECC}
		{4F5C2D1E-BD64-4E83-8CEF-7B20A75C68B2} = {18FF8477-A889-4FD7-AE88-016BCD136ECC}
		{5145E041-CC34-4855-ACC1-2370A32B6858} = {18FF8477-A889-4FD7-AE88-016BCD136ECC}
		{112EA614-18C9-432A-8758-134961DE6301} = {5BE16480-DAF9-4222-921D-836DF0AE9A27}
		{193D134B-92B3-4FAB-9B9D-D3A626036CFA} = {5BE16480-DAF9-4222-921D-836DF0AE9A27}
		{B3E9F4A1-7C52-4D68-9E13-8A0F2D6C5B47} = {18FF8477-A889-4FD7-AE88-016BCD136ECC}
	EndGlobalSection
	GlobalSection(ExtensibilityGlobals) = postSolution
		SolutionGuid = {330AC4A2-17BC-4784-AB3C-2B1DA71EB6A5}
	EndGlobalSection
EndGlobal
